
Microsoft Visual Studio Solution File, Format Version 12.00
# Visual Studio Version 17
VisualStudioVersion = 17.6.33829.357
MinimumVisualStudioVersion = 10.0.40219.1
Project("{FAE04EC0-301F-11D3-BF4B-00C04F79EFBC}") = "ssisUnitTestRunnerUI.2022", "ssisUnitTestRunnerUI\ssisUnitTestRunnerUI.2022.csproj", "{A943E51D-D0CC-4EF1-875B-937D0B179241}"
EndProject
Project("{2150E333-8FDC-42A3-9474-1A3956D46DE8}") = "Solution Items", "Solution Items", "{17BB6EF3-A1CF-4326-A7E6-A7BF928C1D2B}"
	ProjectSection(SolutionItems) = preProject
		SsisUnit.testsettings = SsisUnit.testsettings
	EndProjectSection
EndProject
Project("{FAE04EC0-301F-11D3-BF4B-00C04F79EFBC}") = "SsisUnitBase", "SsisUnit.Base\SsisUnitBase.csproj", "{E693CCE8-9EDF-4117-AB7F-EB87B87E29EA}"
EndProject
Project("{00D1A9C2-B5F0-4AF3-8072-F6C62B433612}") = "ssisUnitTestDb", "ssisUnitTestDb\ssisUnitTestDb.sqlproj", "{CE10532C-9925-48D0-A59B-C49343053C1A}"
EndProject
Project("{FAE04EC0-301F-11D3-BF4B-00C04F79EFBC}") = "SsisUnit2022.Tests", "SsisUnit.Tests\SsisUnit2022.Tests.csproj", "{3ACC53B7-5560-493F-A171-DDC438069DA8}"
EndProject
Project("{FAE04EC0-301F-11D3-BF4B-00C04F79EFBC}") = "SsisUnit.TestRunner.2022", "SsisUnitTestRunner\SsisUnit.TestRunner.2022.csproj", "{72E03D41-E4F0-4FC0-9F63-74C3E2F53CB4}"
EndProject
Project("{FAE04EC0-301F-11D3-BF4B-00C04F79EFBC}") = "SsisUnit.TestComponents.2022", "SsisUnit.TestComponents\SsisUnit.TestComponents.2022.csproj", "{5145FEFA-F21B-4A2A-BCFD-DA8A3F9C9861}"
EndProject
Project("{FAE04EC0-301F-11D3-BF4B-00C04F79EFBC}") = "SsisUnit.Design_SQL2022", "SsisUnitDesign\SsisUnit.Design_SQL2022.csproj", "{D5ED3EBD-7D5A-42C0-8CB8-82330A45EAD5}"
EndProject
Project("{FAE04EC0-301F-11D3-BF4B-00C04F79EFBC}") = "SSISUnit.2022", "SSISUnit\SSISUnit.2022.csproj", "{E1AC1E84-4A87-4ACD-BA96-DE2A4DD7550B}"
EndProject
Global
	GlobalSection(SolutionConfigurationPlatforms) = preSolution
		CD_ROM|Any CPU = CD_ROM|Any CPU
		CD_ROM|x86 = CD_ROM|x86
		Debug|Any CPU = Debug|Any CPU
		Debug|x86 = Debug|x86
		DebugRunTime|Any CPU = DebugRunTime|Any CPU
		DebugRunTime|x86 = DebugRunTime|x86
		DVD-5|Any CPU = DVD-5|Any CPU
		DVD-5|x86 = DVD-5|x86
		Release|Any CPU = Release|Any CPU
		Release|x86 = Release|x86
		SingleImage|Any CPU = SingleImage|Any CPU
		SingleImage|x86 = SingleImage|x86
	EndGlobalSection
	GlobalSection(ProjectConfigurationPlatforms) = postSolution
		{A943E51D-D0CC-4EF1-875B-937D0B179241}.CD_ROM|Any CPU.ActiveCfg = Release|Any CPU
		{A943E51D-D0CC-4EF1-875B-937D0B179241}.CD_ROM|Any CPU.Build.0 = Release|Any CPU
		{A943E51D-D0CC-4EF1-875B-937D0B179241}.CD_ROM|x86.ActiveCfg = Debug|Any CPU
		{A943E51D-D0CC-4EF1-875B-937D0B179241}.Debug|Any CPU.ActiveCfg = Debug|Any CPU
		{A943E51D-D0CC-4EF1-875B-937D0B179241}.Debug|Any CPU.Build.0 = Debug|Any CPU
		{A943E51D-D0CC-4EF1-875B-937D0B179241}.Debug|x86.ActiveCfg = Debug|Any CPU
		{A943E51D-D0CC-4EF1-875B-937D0B179241}.DebugRunTime|Any CPU.ActiveCfg = Debug|Any CPU
		{A943E51D-D0CC-4EF1-875B-937D0B179241}.DebugRunTime|Any CPU.Build.0 = Debug|Any CPU
		{A943E51D-D0CC-4EF1-875B-937D0B179241}.DebugRunTime|x86.ActiveCfg = Debug|Any CPU
		{A943E51D-D0CC-4EF1-875B-937D0B179241}.DVD-5|Any CPU.ActiveCfg = Debug|Any CPU
		{A943E51D-D0CC-4EF1-875B-937D0B179241}.DVD-5|Any CPU.Build.0 = Debug|Any CPU
		{A943E51D-D0CC-4EF1-875B-937D0B179241}.DVD-5|x86.ActiveCfg = Debug|Any CPU
		{A943E51D-D0CC-4EF1-875B-937D0B179241}.Release|Any CPU.ActiveCfg = Release|Any CPU
		{A943E51D-D0CC-4EF1-875B-937D0B179241}.Release|Any CPU.Build.0 = Release|Any CPU
		{A943E51D-D0CC-4EF1-875B-937D0B179241}.Release|x86.ActiveCfg = Release|Any CPU
		{A943E51D-D0CC-4EF1-875B-937D0B179241}.SingleImage|Any CPU.ActiveCfg = Release|Any CPU
		{A943E51D-D0CC-4EF1-875B-937D0B179241}.SingleImage|Any CPU.Build.0 = Release|Any CPU
		{A943E51D-D0CC-4EF1-875B-937D0B179241}.SingleImage|x86.ActiveCfg = Debug|Any CPU
		{E693CCE8-9EDF-4117-AB7F-EB87B87E29EA}.CD_ROM|Any CPU.ActiveCfg = Release|Any CPU
		{E693CCE8-9EDF-4117-AB7F-EB87B87E29EA}.CD_ROM|Any CPU.Build.0 = Release|Any CPU
		{E693CCE8-9EDF-4117-AB7F-EB87B87E29EA}.CD_ROM|x86.ActiveCfg = Debug|Any CPU
		{E693CCE8-9EDF-4117-AB7F-EB87B87E29EA}.Debug|Any CPU.ActiveCfg = Debug|Any CPU
		{E693CCE8-9EDF-4117-AB7F-EB87B87E29EA}.Debug|Any CPU.Build.0 = Debug|Any CPU
		{E693CCE8-9EDF-4117-AB7F-EB87B87E29EA}.Debug|x86.ActiveCfg = Debug|Any CPU
		{E693CCE8-9EDF-4117-AB7F-EB87B87E29EA}.DebugRunTime|Any CPU.ActiveCfg = Debug|Any CPU
		{E693CCE8-9EDF-4117-AB7F-EB87B87E29EA}.DebugRunTime|Any CPU.Build.0 = Debug|Any CPU
		{E693CCE8-9EDF-4117-AB7F-EB87B87E29EA}.DebugRunTime|x86.ActiveCfg = Debug|Any CPU
		{E693CCE8-9EDF-4117-AB7F-EB87B87E29EA}.DVD-5|Any CPU.ActiveCfg = Debug|Any CPU
		{E693CCE8-9EDF-4117-AB7F-EB87B87E29EA}.DVD-5|Any CPU.Build.0 = Debug|Any CPU
		{E693CCE8-9EDF-4117-AB7F-EB87B87E29EA}.DVD-5|x86.ActiveCfg = Debug|Any CPU
		{E693CCE8-9EDF-4117-AB7F-EB87B87E29EA}.Release|Any CPU.ActiveCfg = Release|Any CPU
		{E693CCE8-9EDF-4117-AB7F-EB87B87E29EA}.Release|Any CPU.Build.0 = Release|Any CPU
		{E693CCE8-9EDF-4117-AB7F-EB87B87E29EA}.Release|x86.ActiveCfg = Release|Any CPU
		{E693CCE8-9EDF-4117-AB7F-EB87B87E29EA}.SingleImage|Any CPU.ActiveCfg = Release|Any CPU
		{E693CCE8-9EDF-4117-AB7F-EB87B87E29EA}.SingleImage|Any CPU.Build.0 = Release|Any CPU
		{E693CCE8-9EDF-4117-AB7F-EB87B87E29EA}.SingleImage|x86.ActiveCfg = Debug|Any CPU
		{CE10532C-9925-48D0-A59B-C49343053C1A}.CD_ROM|Any CPU.ActiveCfg = Debug|Any CPU
		{CE10532C-9925-48D0-A59B-C49343053C1A}.CD_ROM|Any CPU.Build.0 = Debug|Any CPU
		{CE10532C-9925-48D0-A59B-C49343053C1A}.CD_ROM|Any CPU.Deploy.0 = Debug|Any CPU
		{CE10532C-9925-48D0-A59B-C49343053C1A}.CD_ROM|x86.ActiveCfg = Debug|Any CPU
		{CE10532C-9925-48D0-A59B-C49343053C1A}.Debug|Any CPU.ActiveCfg = Debug|Any CPU
		{CE10532C-9925-48D0-A59B-C49343053C1A}.Debug|Any CPU.Build.0 = Debug|Any CPU
		{CE10532C-9925-48D0-A59B-C49343053C1A}.Debug|Any CPU.Deploy.0 = Debug|Any CPU
		{CE10532C-9925-48D0-A59B-C49343053C1A}.Debug|x86.ActiveCfg = Debug|Any CPU
		{CE10532C-9925-48D0-A59B-C49343053C1A}.DebugRunTime|Any CPU.ActiveCfg = Debug|Any CPU
		{CE10532C-9925-48D0-A59B-C49343053C1A}.DebugRunTime|Any CPU.Build.0 = Debug|Any CPU
		{CE10532C-9925-48D0-A59B-C49343053C1A}.DebugRunTime|Any CPU.Deploy.0 = Debug|Any CPU
		{CE10532C-9925-48D0-A59B-C49343053C1A}.DebugRunTime|x86.ActiveCfg = Debug|Any CPU
		{CE10532C-9925-48D0-A59B-C49343053C1A}.DVD-5|Any CPU.ActiveCfg = Debug|Any CPU
		{CE10532C-9925-48D0-A59B-C49343053C1A}.DVD-5|Any CPU.Build.0 = Debug|Any CPU
		{CE10532C-9925-48D0-A59B-C49343053C1A}.DVD-5|Any CPU.Deploy.0 = Debug|Any CPU
		{CE10532C-9925-48D0-A59B-C49343053C1A}.DVD-5|x86.ActiveCfg = Debug|Any CPU
		{CE10532C-9925-48D0-A59B-C49343053C1A}.Release|Any CPU.ActiveCfg = Release|Any CPU
		{CE10532C-9925-48D0-A59B-C49343053C1A}.Release|Any CPU.Build.0 = Release|Any CPU
		{CE10532C-9925-48D0-A59B-C49343053C1A}.Release|Any CPU.Deploy.0 = Release|Any CPU
		{CE10532C-9925-48D0-A59B-C49343053C1A}.Release|x86.ActiveCfg = Release|Any CPU
		{CE10532C-9925-48D0-A59B-C49343053C1A}.SingleImage|Any CPU.ActiveCfg = Debug|Any CPU
		{CE10532C-9925-48D0-A59B-C49343053C1A}.SingleImage|Any CPU.Build.0 = Debug|Any CPU
		{CE10532C-9925-48D0-A59B-C49343053C1A}.SingleImage|Any CPU.Deploy.0 = Debug|Any CPU
		{CE10532C-9925-48D0-A59B-C49343053C1A}.SingleImage|x86.ActiveCfg = Debug|Any CPU
		{3ACC53B7-5560-493F-A171-DDC438069DA8}.CD_ROM|Any CPU.ActiveCfg = Debug|Any CPU
		{3ACC53B7-5560-493F-A171-DDC438069DA8}.CD_ROM|Any CPU.Build.0 = Debug|Any CPU
		{3ACC53B7-5560-493F-A171-DDC438069DA8}.CD_ROM|x86.ActiveCfg = Debug|Any CPU
		{3ACC53B7-5560-493F-A171-DDC438069DA8}.CD_ROM|x86.Build.0 = Debug|Any CPU
		{3ACC53B7-5560-493F-A171-DDC438069DA8}.Debug|Any CPU.ActiveCfg = Debug|Any CPU
		{3ACC53B7-5560-493F-A171-DDC438069DA8}.Debug|Any CPU.Build.0 = Debug|Any CPU
		{3ACC53B7-5560-493F-A171-DDC438069DA8}.Debug|x86.ActiveCfg = Debug|Any CPU
		{3ACC53B7-5560-493F-A171-DDC438069DA8}.Debug|x86.Build.0 = Debug|Any CPU
		{3ACC53B7-5560-493F-A171-DDC438069DA8}.DebugRunTime|Any CPU.ActiveCfg = Debug|Any CPU
		{3ACC53B7-5560-493F-A171-DDC438069DA8}.DebugRunTime|Any CPU.Build.0 = Debug|Any CPU
		{3ACC53B7-5560-493F-A171-DDC438069DA8}.DebugRunTime|x86.ActiveCfg = Debug|Any CPU
		{3ACC53B7-5560-493F-A171-DDC438069DA8}.DebugRunTime|x86.Build.0 = Debug|Any CPU
		{3ACC53B7-5560-493F-A171-DDC438069DA8}.DVD-5|Any CPU.ActiveCfg = Debug|Any CPU
		{3ACC53B7-5560-493F-A171-DDC438069DA8}.DVD-5|Any CPU.Build.0 = Debug|Any CPU
		{3ACC53B7-5560-493F-A171-DDC438069DA8}.DVD-5|x86.ActiveCfg = Debug|Any CPU
		{3ACC53B7-5560-493F-A171-DDC438069DA8}.DVD-5|x86.Build.0 = Debug|Any CPU
		{3ACC53B7-5560-493F-A171-DDC438069DA8}.Release|Any CPU.ActiveCfg = Release|Any CPU
		{3ACC53B7-5560-493F-A171-DDC438069DA8}.Release|Any CPU.Build.0 = Release|Any CPU
		{3ACC53B7-5560-493F-A171-DDC438069DA8}.Release|x86.ActiveCfg = Release|Any CPU
		{3ACC53B7-5560-493F-A171-DDC438069DA8}.Release|x86.Build.0 = Release|Any CPU
		{3ACC53B7-5560-493F-A171-DDC438069DA8}.SingleImage|Any CPU.ActiveCfg = Debug|Any CPU
		{3ACC53B7-5560-493F-A171-DDC438069DA8}.SingleImage|Any CPU.Build.0 = Debug|Any CPU
		{3ACC53B7-5560-493F-A171-DDC438069DA8}.SingleImage|x86.ActiveCfg = Debug|Any CPU
		{3ACC53B7-5560-493F-A171-DDC438069DA8}.SingleImage|x86.Build.0 = Debug|Any CPU
		{72E03D41-E4F0-4FC0-9F63-74C3E2F53CB4}.CD_ROM|Any CPU.ActiveCfg = Debug|Any CPU
		{72E03D41-E4F0-4FC0-9F63-74C3E2F53CB4}.CD_ROM|Any CPU.Build.0 = Debug|Any CPU
		{72E03D41-E4F0-4FC0-9F63-74C3E2F53CB4}.CD_ROM|x86.ActiveCfg = Debug|x86
		{72E03D41-E4F0-4FC0-9F63-74C3E2F53CB4}.CD_ROM|x86.Build.0 = Debug|x86
		{72E03D41-E4F0-4FC0-9F63-74C3E2F53CB4}.Debug|Any CPU.ActiveCfg = Debug|Any CPU
		{72E03D41-E4F0-4FC0-9F63-74C3E2F53CB4}.Debug|Any CPU.Build.0 = Debug|Any CPU
		{72E03D41-E4F0-4FC0-9F63-74C3E2F53CB4}.Debug|x86.ActiveCfg = Debug|x86
		{72E03D41-E4F0-4FC0-9F63-74C3E2F53CB4}.Debug|x86.Build.0 = Debug|x86
		{72E03D41-E4F0-4FC0-9F63-74C3E2F53CB4}.DebugRunTime|Any CPU.ActiveCfg = Debug|Any CPU
		{72E03D41-E4F0-4FC0-9F63-74C3E2F53CB4}.DebugRunTime|Any CPU.Build.0 = Debug|Any CPU
		{72E03D41-E4F0-4FC0-9F63-74C3E2F53CB4}.DebugRunTime|x86.ActiveCfg = Debug|x86
		{72E03D41-E4F0-4FC0-9F63-74C3E2F53CB4}.DebugRunTime|x86.Build.0 = Debug|x86
		{72E03D41-E4F0-4FC0-9F63-74C3E2F53CB4}.DVD-5|Any CPU.ActiveCfg = Debug|Any CPU
		{72E03D41-E4F0-4FC0-9F63-74C3E2F53CB4}.DVD-5|Any CPU.Build.0 = Debug|Any CPU
		{72E03D41-E4F0-4FC0-9F63-74C3E2F53CB4}.DVD-5|x86.ActiveCfg = Debug|x86
		{72E03D41-E4F0-4FC0-9F63-74C3E2F53CB4}.DVD-5|x86.Build.0 = Debug|x86
		{72E03D41-E4F0-4FC0-9F63-74C3E2F53CB4}.Release|Any CPU.ActiveCfg = Release|Any CPU
		{72E03D41-E4F0-4FC0-9F63-74C3E2F53CB4}.Release|Any CPU.Build.0 = Release|Any CPU
		{72E03D41-E4F0-4FC0-9F63-74C3E2F53CB4}.Release|x86.ActiveCfg = Release|x86
		{72E03D41-E4F0-4FC0-9F63-74C3E2F53CB4}.Release|x86.Build.0 = Release|x86
		{72E03D41-E4F0-4FC0-9F63-74C3E2F53CB4}.SingleImage|Any CPU.ActiveCfg = Debug|Any CPU
		{72E03D41-E4F0-4FC0-9F63-74C3E2F53CB4}.SingleImage|Any CPU.Build.0 = Debug|Any CPU
		{72E03D41-E4F0-4FC0-9F63-74C3E2F53CB4}.SingleImage|x86.ActiveCfg = Debug|x86
		{72E03D41-E4F0-4FC0-9F63-74C3E2F53CB4}.SingleImage|x86.Build.0 = Debug|x86
		{5145FEFA-F21B-4A2A-BCFD-DA8A3F9C9861}.CD_ROM|Any CPU.ActiveCfg = Debug|Any CPU
		{5145FEFA-F21B-4A2A-BCFD-DA8A3F9C9861}.CD_ROM|Any CPU.Build.0 = Debug|Any CPU
		{5145FEFA-F21B-4A2A-BCFD-DA8A3F9C9861}.CD_ROM|x86.ActiveCfg = Debug|Any CPU
		{5145FEFA-F21B-4A2A-BCFD-DA8A3F9C9861}.CD_ROM|x86.Build.0 = Debug|Any CPU
		{5145FEFA-F21B-4A2A-BCFD-DA8A3F9C9861}.Debug|Any CPU.ActiveCfg = Debug|Any CPU
		{5145FEFA-F21B-4A2A-BCFD-DA8A3F9C9861}.Debug|Any CPU.Build.0 = Debug|Any CPU
		{5145FEFA-F21B-4A2A-BCFD-DA8A3F9C9861}.Debug|x86.ActiveCfg = Debug|Any CPU
		{5145FEFA-F21B-4A2A-BCFD-DA8A3F9C9861}.Debug|x86.Build.0 = Debug|Any CPU
		{5145FEFA-F21B-4A2A-BCFD-DA8A3F9C9861}.DebugRunTime|Any CPU.ActiveCfg = DebugRunTime|Any CPU
		{5145FEFA-F21B-4A2A-BCFD-DA8A3F9C9861}.DebugRunTime|Any CPU.Build.0 = DebugRunTime|Any CPU
		{5145FEFA-F21B-4A2A-BCFD-DA8A3F9C9861}.DebugRunTime|x86.ActiveCfg = DebugRunTime|Any CPU
		{5145FEFA-F21B-4A2A-BCFD-DA8A3F9C9861}.DebugRunTime|x86.Build.0 = DebugRunTime|Any CPU
		{5145FEFA-F21B-4A2A-BCFD-DA8A3F9C9861}.DVD-5|Any CPU.ActiveCfg = Debug|Any CPU
		{5145FEFA-F21B-4A2A-BCFD-DA8A3F9C9861}.DVD-5|Any CPU.Build.0 = Debug|Any CPU
		{5145FEFA-F21B-4A2A-BCFD-DA8A3F9C9861}.DVD-5|x86.ActiveCfg = Debug|Any CPU
		{5145FEFA-F21B-4A2A-BCFD-DA8A3F9C9861}.DVD-5|x86.Build.0 = Debug|Any CPU
		{5145FEFA-F21B-4A2A-BCFD-DA8A3F9C9861}.Release|Any CPU.ActiveCfg = Release|Any CPU
		{5145FEFA-F21B-4A2A-BCFD-DA8A3F9C9861}.Release|Any CPU.Build.0 = Release|Any CPU
		{5145FEFA-F21B-4A2A-BCFD-DA8A3F9C9861}.Release|x86.ActiveCfg = Release|Any CPU
		{5145FEFA-F21B-4A2A-BCFD-DA8A3F9C9861}.Release|x86.Build.0 = Release|Any CPU
		{5145FEFA-F21B-4A2A-BCFD-DA8A3F9C9861}.SingleImage|Any CPU.ActiveCfg = Debug|Any CPU
		{5145FEFA-F21B-4A2A-BCFD-DA8A3F9C9861}.SingleImage|Any CPU.Build.0 = Debug|Any CPU
		{5145FEFA-F21B-4A2A-BCFD-DA8A3F9C9861}.SingleImage|x86.ActiveCfg = Debug|Any CPU
		{5145FEFA-F21B-4A2A-BCFD-DA8A3F9C9861}.SingleImage|x86.Build.0 = Debug|Any CPU
		{D5ED3EBD-7D5A-42C0-8CB8-82330A45EAD5}.CD_ROM|Any CPU.ActiveCfg = Debug|Any CPU
		{D5ED3EBD-7D5A-42C0-8CB8-82330A45EAD5}.CD_ROM|Any CPU.Build.0 = Debug|Any CPU
		{D5ED3EBD-7D5A-42C0-8CB8-82330A45EAD5}.CD_ROM|x86.ActiveCfg = Debug|Any CPU
		{D5ED3EBD-7D5A-42C0-8CB8-82330A45EAD5}.CD_ROM|x86.Build.0 = Debug|Any CPU
		{D5ED3EBD-7D5A-42C0-8CB8-82330A45EAD5}.Debug|Any CPU.ActiveCfg = Debug|Any CPU
		{D5ED3EBD-7D5A-42C0-8CB8-82330A45EAD5}.Debug|Any CPU.Build.0 = Debug|Any CPU
		{D5ED3EBD-7D5A-42C0-8CB8-82330A45EAD5}.Debug|x86.ActiveCfg = Debug|Any CPU
		{D5ED3EBD-7D5A-42C0-8CB8-82330A45EAD5}.Debug|x86.Build.0 = Debug|Any CPU
		{D5ED3EBD-7D5A-42C0-8CB8-82330A45EAD5}.DebugRunTime|Any CPU.ActiveCfg = Debug|Any CPU
		{D5ED3EBD-7D5A-42C0-8CB8-82330A45EAD5}.DebugRunTime|Any CPU.Build.0 = Debug|Any CPU
		{D5ED3EBD-7D5A-42C0-8CB8-82330A45EAD5}.DebugRunTime|x86.ActiveCfg = Debug|Any CPU
		{D5ED3EBD-7D5A-42C0-8CB8-82330A45EAD5}.DebugRunTime|x86.Build.0 = Debug|Any CPU
		{D5ED3EBD-7D5A-42C0-8CB8-82330A45EAD5}.DVD-5|Any CPU.ActiveCfg = Debug|Any CPU
		{D5ED3EBD-7D5A-42C0-8CB8-82330A45EAD5}.DVD-5|Any CPU.Build.0 = Debug|Any CPU
		{D5ED3EBD-7D5A-42C0-8CB8-82330A45EAD5}.DVD-5|x86.ActiveCfg = Debug|Any CPU
		{D5ED3EBD-7D5A-42C0-8CB8-82330A45EAD5}.DVD-5|x86.Build.0 = Debug|Any CPU
		{D5ED3EBD-7D5A-42C0-8CB8-82330A45EAD5}.Release|Any CPU.ActiveCfg = Release|Any CPU
		{D5ED3EBD-7D5A-42C0-8CB8-82330A45EAD5}.Release|Any CPU.Build.0 = Release|Any CPU
		{D5ED3EBD-7D5A-42C0-8CB8-82330A45EAD5}.Release|x86.ActiveCfg = Release|Any CPU
		{D5ED3EBD-7D5A-42C0-8CB8-82330A45EAD5}.Release|x86.Build.0 = Release|Any CPU
		{D5ED3EBD-7D5A-42C0-8CB8-82330A45EAD5}.SingleImage|Any CPU.ActiveCfg = Debug|Any CPU
		{D5ED3EBD-7D5A-42C0-8CB8-82330A45EAD5}.SingleImage|Any CPU.Build.0 = Debug|Any CPU
		{D5ED3EBD-7D5A-42C0-8CB8-82330A45EAD5}.SingleImage|x86.ActiveCfg = Debug|Any CPU
		{D5ED3EBD-7D5A-42C0-8CB8-82330A45EAD5}.SingleImage|x86.Build.0 = Debug|Any CPU
		{E1AC1E84-4A87-4ACD-BA96-DE2A4DD7550B}.CD_ROM|Any CPU.ActiveCfg = Debug|Any CPU
		{E1AC1E84-4A87-4ACD-BA96-DE2A4DD7550B}.CD_ROM|Any CPU.Build.0 = Debug|Any CPU
		{E1AC1E84-4A87-4ACD-BA96-DE2A4DD7550B}.CD_ROM|x86.ActiveCfg = Debug|Any CPU
		{E1AC1E84-4A87-4ACD-BA96-DE2A4DD7550B}.CD_ROM|x86.Build.0 = Debug|Any CPU
		{E1AC1E84-4A87-4ACD-BA96-DE2A4DD7550B}.Debug|Any CPU.ActiveCfg = Debug|Any CPU
		{E1AC1E84-4A87-4ACD-BA96-DE2A4DD7550B}.Debug|Any CPU.Build.0 = Debug|Any CPU
		{E1AC1E84-4A87-4ACD-BA96-DE2A4DD7550B}.Debug|x86.ActiveCfg = Debug|Any CPU
		{E1AC1E84-4A87-4ACD-BA96-DE2A4DD7550B}.Debug|x86.Build.0 = Debug|Any CPU
		{E1AC1E84-4A87-4ACD-BA96-DE2A4DD7550B}.DebugRunTime|Any CPU.ActiveCfg = Debug|Any CPU
		{E1AC1E84-4A87-4ACD-BA96-DE2A4DD7550B}.DebugRunTime|Any CPU.Build.0 = Debug|Any CPU
		{E1AC1E84-4A87-4ACD-BA96-DE2A4DD7550B}.DebugRunTime|x86.ActiveCfg = Debug|Any CPU
		{E1AC1E84-4A87-4ACD-BA96-DE2A4DD7550B}.DebugRunTime|x86.Build.0 = Debug|Any CPU
		{E1AC1E84-4A87-4ACD-BA96-DE2A4DD7550B}.DVD-5|Any CPU.ActiveCfg = Debug|Any CPU
		{E1AC1E84-4A87-4ACD-BA96-DE2A4DD7550B}.DVD-5|Any CPU.Build.0 = Debug|Any CPU
		{E1AC1E84-4A87-4ACD-BA96-DE2A4DD7550B}.DVD-5|x86.ActiveCfg = Debug|Any CPU
		{E1AC1E84-4A87-4ACD-BA96-DE2A4DD7550B}.DVD-5|x86.Build.0 = Debug|Any CPU
		{E1AC1E84-4A87-4ACD-BA96-DE2A4DD7550B}.Release|Any CPU.ActiveCfg = Release|Any CPU
		{E1AC1E84-4A87-4ACD-BA96-DE2A4DD7550B}.Release|Any CPU.Build.0 = Release|Any CPU
		{E1AC1E84-4A87-4ACD-BA96-DE2A4DD7550B}.Release|x86.ActiveCfg = Release|Any CPU
		{E1AC1E84-4A87-4ACD-BA96-DE2A4DD7550B}.Release|x86.Build.0 = Release|Any CPU
		{E1AC1E84-4A87-4ACD-BA96-DE2A4DD7550B}.SingleImage|Any CPU.ActiveCfg = Debug|Any CPU
		{E1AC1E84-4A87-4ACD-BA96-DE2A4DD7550B}.SingleImage|Any CPU.Build.0 = Debug|Any CPU
		{E1AC1E84-4A87-4ACD-BA96-DE2A4DD7550B}.SingleImage|x86.ActiveCfg = Debug|Any CPU
		{E1AC1E84-4A87-4ACD-BA96-DE2A4DD7550B}.SingleImage|x86.Build.0 = Debug|Any CPU
	EndGlobalSection
	GlobalSection(SolutionProperties) = preSolution
		HideSolutionNode = FALSE
	EndGlobalSection
	GlobalSection(ExtensibilityGlobals) = postSolution
		SolutionGuid = {5C53FD1C-9070-4ADF-8B8E-891EC23A6F19}
	EndGlobalSection
EndGlobal
